// !$*UTF8*$!
{
	archiveVersion = 1;
	classes = {
	};
	objectVersion = 46;
	objects = {

/* Begin PBXBuildFile section */
		BB47BADA1D41AB3800337639 /* Glitcher.swift in Sources */ = {isa = PBXBuildFile; fileRef = BB47BAD91D41AB3800337639 /* Glitcher.swift */; };
		BB926E041D3EC88300412BE8 /* AppDelegate.swift in Sources */ = {isa = PBXBuildFile; fileRef = BB926E031D3EC88300412BE8 /* AppDelegate.swift */; };
		BB926E061D3EC88300412BE8 /* EncodeViewController.swift in Sources */ = {isa = PBXBuildFile; fileRef = BB926E051D3EC88300412BE8 /* EncodeViewController.swift */; };
		BB926E081D3EC88300412BE8 /* DecodeViewController.swift in Sources */ = {isa = PBXBuildFile; fileRef = BB926E071D3EC88300412BE8 /* DecodeViewController.swift */; };
		BB926E0B1D3EC88300412BE8 /* Main.storyboard in Resources */ = {isa = PBXBuildFile; fileRef = BB926E091D3EC88300412BE8 /* Main.storyboard */; };
		BB926E0D1D3EC88300412BE8 /* Assets.xcassets in Resources */ = {isa = PBXBuildFile; fileRef = BB926E0C1D3EC88300412BE8 /* Assets.xcassets */; };
		BB926E101D3EC88300412BE8 /* LaunchScreen.storyboard in Resources */ = {isa = PBXBuildFile; fileRef = BB926E0E1D3EC88300412BE8 /* LaunchScreen.storyboard */; };
/* End PBXBuildFile section */

/* Begin PBXFileReference section */
		BB47BAD91D41AB3800337639 /* Glitcher.swift */ = {isa = PBXFileReference; fileEncoding = 4; lastKnownFileType = sourcecode.swift; path = Glitcher.swift; sourceTree = "<group>"; };
		BB926E001D3EC88300412BE8 /* PictureText.app */ = {isa = PBXFileReference; explicitFileType = wrapper.application; includeInIndex = 0; path = PictureText.app; sourceTree = BUILT_PRODUCTS_DIR; };
		BB926E031D3EC88300412BE8 /* AppDelegate.swift */ = {isa = PBXFileReference; lastKnownFileType = sourcecode.swift; path = AppDelegate.swift; sourceTree = "<group>"; };
		BB926E051D3EC88300412BE8 /* EncodeViewController.swift */ = {isa = PBXFileReference; lastKnownFileType = sourcecode.swift; path = EncodeViewController.swift; sourceTree = "<group>"; };
		BB926E071D3EC88300412BE8 /* DecodeViewController.swift */ = {isa = PBXFileReference; lastKnownFileType = sourcecode.swift; path = DecodeViewController.swift; sourceTree = "<group>"; };
		BB926E0A1D3EC88300412BE8 /* Base */ = {isa = PBXFileReference; lastKnownFileType = file.storyboard; name = Base; path = Base.lproj/Main.storyboard; sourceTree = "<group>"; };
		BB926E0C1D3EC88300412BE8 /* Assets.xcassets */ = {isa = PBXFileReference; lastKnownFileType = folder.assetcatalog; path = Assets.xcassets; sourceTree = "<group>"; };
		BB926E0F1D3EC88300412BE8 /* Base */ = {isa = PBXFileReference; lastKnownFileType = file.storyboard; name = Base; path = Base.lproj/LaunchScreen.storyboard; sourceTree = "<group>"; };
		BB926E111D3EC88300412BE8 /* Info.plist */ = {isa = PBXFileReference; lastKnownFileType = text.plist.xml; path = Info.plist; sourceTree = "<group>"; };
/* End PBXFileReference section */

/* Begin PBXFrameworksBuildPhase section */
		BB926DFD1D3EC88300412BE8 /* Frameworks */ = {
			isa = PBXFrameworksBuildPhase;
			buildActionMask = 2147483647;
			files = (
			);
			runOnlyForDeploymentPostprocessing = 0;
		};
/* End PBXFrameworksBuildPhase section */

/* Begin PBXGroup section */
		BB926DF71D3EC88300412BE8 = {
			isa = PBXGroup;
			children = (
				BB926E021D3EC88300412BE8 /* PictureText */,
				BB926E011D3EC88300412BE8 /* Products */,
			);
			sourceTree = "<group>";
		};
		BB926E011D3EC88300412BE8 /* Products */ = {
			isa = PBXGroup;
			children = (
				BB926E001D3EC88300412BE8 /* PictureText.app */,
			);
			name = Products;
			sourceTree = "<group>";
		};
		BB926E021D3EC88300412BE8 /* PictureText */ = {
			isa = PBXGroup;
			children = (
				BB926E031D3EC88300412BE8 /* AppDelegate.swift */,
				BB926E051D3EC88300412BE8 /* EncodeViewController.swift */,
				BB47BAD91D41AB3800337639 /* Glitcher.swift */,
				BB926E071D3EC88300412BE8 /* DecodeViewController.swift */,
				BB926E091D3EC88300412BE8 /* Main.storyboard */,
				BB926E0C1D3EC88300412BE8 /* Assets.xcassets */,
				BB926E0E1D3EC88300412BE8 /* LaunchScreen.storyboard */,
				BB926E111D3EC88300412BE8 /* Info.plist */,
			);
			path = PictureText;
			sourceTree = "<group>";
		};
/* End PBXGroup section */

/* Begin PBXNativeTarget section */
		BB926DFF1D3EC88300412BE8 /* PictureText */ = {
			isa = PBXNativeTarget;
			buildConfigurationList = BB926E141D3EC88300412BE8 /* Build configuration list for PBXNativeTarget "PictureText" */;
			buildPhases = (
				BB926DFC1D3EC88300412BE8 /* Sources */,
				BB926DFD1D3EC88300412BE8 /* Frameworks */,
				BB926DFE1D3EC88300412BE8 /* Resources */,
			);
			buildRules = (
			);
			dependencies = (
			);
			name = PictureText;
			productName = PictureText;
			productReference = BB926E001D3EC88300412BE8 /* PictureText.app */;
			productType = "com.apple.product-type.application";
		};
/* End PBXNativeTarget section */

/* Begin PBXProject section */
		BB926DF81D3EC88300412BE8 /* Project object */ = {
			isa = PBXProject;
			attributes = {
				LastSwiftUpdateCheck = 0730;
				LastUpgradeCheck = 0730;
				ORGANIZATIONNAME = "Matt Bettinson";
				TargetAttributes = {
					BB926DFF1D3EC88300412BE8 = {
						CreatedOnToolsVersion = 7.3.1;
						DevelopmentTeam = Z8CGBJ42EF;
					};
				};
			};
			buildConfigurationList = BB926DFB1D3EC88300412BE8 /* Build configuration list for PBXProject "PictureText" */;
			compatibilityVersion = "Xcode 3.2";
			developmentRegion = English;
			hasScannedForEncodings = 0;
			knownRegions = (
				en,
				Base,
			);
			mainGroup = BB926DF71D3EC88300412BE8;
			productRefGroup = BB926E011D3EC88300412BE8 /* Products */;
			projectDirPath = "";
			projectRoot = "";
			targets = (
				BB926DFF1D3EC88300412BE8 /* PictureText */,
			);
		};
/* End PBXProject section */

/* Begin PBXResourcesBuildPhase section */
		BB926DFE1D3EC88300412BE8 /* Resources */ = {
			isa = PBXResourcesBuildPhase;
			buildActionMask = 2147483647;
			files = (
				BB926E101D3EC88300412BE8 /* LaunchScreen.storyboard in Resources */,
				BB926E0D1D3EC88300412BE8 /* Assets.xcassets in Resources */,
				BB926E0B1D3EC88300412BE8 /* Main.storyboard in Resources */,
			);
			runOnlyForDeploymentPostprocessing = 0;
		};
/* End PBXResourcesBuildPhase section */

/* Begin PBXSourcesBuildPhase section */
		BB926DFC1D3EC88300412BE8 /* Sources */ = {
			isa = PBXSourcesBuildPhase;
			buildActionMask = 2147483647;
			files = (
				BB926E081D3EC88300412BE8 /* DecodeViewController.swift in Sources */,
				BB926E041D3EC88300412BE8 /* AppDelegate.swift in Sources */,
				BB926E061D3EC88300412BE8 /* EncodeViewController.swift in Sources */,
				BB47BADA1D41AB3800337639 /* Glitcher.swift in Sources */,
			);
			runOnlyForDeploymentPostprocessing = 0;
		};
/* End PBXSourcesBuildPhase section */

/* Begin PBXVariantGroup section */
		BB926E091D3EC88300412BE8 /* Main.storyboard */ = {
			isa = PBXVariantGroup;
			children = (
				BB926E0A1D3EC88300412BE8 /* Base */,
			);
			name = Main.storyboard;
			sourceTree = "<group>";
		};
		BB926E0E1D3EC88300412BE8 /* LaunchScreen.storyboard */ = {
			isa = PBXVariantGroup;
			children = (
				BB926E0F1D3EC88300412BE8 /* Base */,
			);
			name = LaunchScreen.storyboard;
			sourceTree = "<group>";
		};
/* End PBXVariantGroup section */

/* Begin XCBuildConfiguration section */
		BB926E121D3EC88300412BE8 /* Debug */ = {
			isa = XCBuildConfiguration;
			buildSettings = {
				ALWAYS_SEARCH_USER_PATHS = NO;
				CLANG_ANALYZER_NONNULL = YES;
				CLANG_CXX_LANGUAGE_STANDARD = "gnu++0x";
				CLANG_CXX_LIBRARY = "libc++";
				CLANG_ENABLE_MODULES = YES;
				CLANG_ENABLE_OBJC_ARC = YES;
				CLANG_WARN_BOOL_CONVERSION = YES;
				CLANG_WARN_CONSTANT_CONVERSION = YES;
				CLANG_WARN_DIRECT_OBJC_ISA_USAGE = YES_ERROR;
				CLANG_WARN_EMPTY_BODY = YES;
				CLANG_WARN_ENUM_CONVERSION = YES;
				CLANG_WARN_INT_CONVERSION = YES;
				CLANG_WARN_OBJC_ROOT_CLASS = YES_ERROR;
				CLANG_WARN_UNREACHABLE_CODE = YES;
				CLANG_WARN__DUPLICATE_METHOD_MATCH = YES;
				"CODE_SIGN_IDENTITY[sdk=iphoneos*]" = "iPhone Developer";
				COPY_PHASE_STRIP = NO;
				DEBUG_INFORMATION_FORMAT = dwarf;
				ENABLE_STRICT_OBJC_MSGSEND = YES;
				ENABLE_TESTABILITY = YES;
				GCC_C_LANGUAGE_STANDARD = gnu99;
				GCC_DYNAMIC_NO_PIC = NO;
				GCC_NO_COMMON_BLOCKS = YES;
				GCC_OPTIMIZATION_LEVEL = 0;
				GCC_PREPROCESSOR_DEFINITIONS = (
					"DEBUG=1",
					"$(inherited)",
				);
				GCC_WARN_64_TO_32_BIT_CONVERSION = YES;
				GCC_WARN_ABOUT_RETURN_TYPE = YES_ERROR;
				GCC_WARN_UNDECLARED_SELECTOR = YES;
				GCC_WARN_UNINITIALIZED_AUTOS = YES_AGGRESSIVE;
				GCC_WARN_UNUSED_FUNCTION = YES;
				GCC_WARN_UNUSED_VARIABLE = YES;
				IPHONEOS_DEPLOYMENT_TARGET = 9.3;
				MTL_ENABLE_DEBUG_INFO = YES;
				ONLY_ACTIVE_ARCH = YES;
				SDKROOT = iphoneos;
				SWIFT_OPTIMIZATION_LEVEL = "-Onone";
			};
			name = Debug;
		};
		BB926E131D3EC88300412BE8 /* Release */ = {
			isa = XCBuildConfiguration;
			buildSettings = {
				ALWAYS_SEARCH_USER_PATHS = NO;
				CLANG_ANALYZER_NONNULL = YES;
				CLANG_CXX_LANGUAGE_STANDARD = "gnu++0x";
				CLANG_CXX_LIBRARY = "libc++";
				CLANG_ENABLE_MODULES = YES;
				CLANG_ENABLE_OBJC_ARC = YES;
				CLANG_WARN_BOOL_CONVERSION = YES;
				CLANG_WARN_CONSTANT_CONVERSION = YES;
				CLANG_WARN_DIRECT_OBJC_ISA_USAGE = YES_ERROR;
				CLANG_WARN_EMPTY_BODY = YES;
				CLANG_WARN_ENUM_CONVERSION = YES;
				CLANG_WARN_INT_CONVERSION = YES;
				CLANG_WARN_OBJC_ROOT_CLASS = YES_ERROR;
				CLANG_WARN_UNREACHABLE_CODE = YES;
				CLANG_WARN__DUPLICATE_METHOD_MATCH = YES;
				"CODE_SIGN_IDENTITY[sdk=iphoneos*]" = "iPhone Developer";
				COPY_PHASE_STRIP = NO;
				DEBUG_INFORMATION_FORMAT = "dwarf-with-dsym";
				ENABLE_NS_ASSERTIONS = NO;
				ENABLE_STRICT_OBJC_MSGSEND = YES;
				GCC_C_LANGUAGE_STANDARD = gnu99;
				GCC_NO_COMMON_BLOCKS = YES;
				GCC_WARN_64_TO_32_BIT_CONVERSION = YES;
				GCC_WARN_ABOUT_RETURN_TYPE = YES_ERROR;
				GCC_WARN_UNDECLARED_SELECTOR = YES;
				GCC_WARN_UNINITIALIZED_AUTOS = YES_AGGRESSIVE;
				GCC_WARN_UNUSED_FUNCTION = YES;
				GCC_WARN_UNUSED_VARIABLE = YES;
				IPHONEOS_DEPLOYMENT_TARGET = 9.3;
				MTL_ENABLE_DEBUG_INFO = NO;
				SDKROOT = iphoneos;
				VALIDATE_PRODUCT = YES;
			};
			name = Release;
		};
		BB926E151D3EC88300412BE8 /* Debug */ = {
			isa = XCBuildConfiguration;
			buildSettings = {
				ASSETCATALOG_COMPILER_APPICON_NAME = AppIcon;
				CODE_SIGN_IDENTITY = "iPhone Developer";
				"CODE_SIGN_IDENTITY[sdk=iphoneos*]" = "iPhone Developer";
				INFOPLIST_FILE = PictureText/Info.plist;
				LD_RUNPATH_SEARCH_PATHS = "$(inherited) @executable_path/Frameworks";
				PRODUCT_BUNDLE_IDENTIFIER = mb.PictureText;
				PRODUCT_NAME = "$(TARGET_NAME)";
				PROVISIONING_PROFILE = "";
			};
			name = Debug;
		};
		BB926E161D3EC88300412BE8 /* Release */ = {
			isa = XCBuildConfiguration;
			buildSettings = {
				ASSETCATALOG_COMPILER_APPICON_NAME = AppIcon;
				CODE_SIGN_IDENTITY = "iPhone Developer";
				"CODE_SIGN_IDENTITY[sdk=iphoneos*]" = "iPhone Developer";
				INFOPLIST_FILE = PictureText/Info.plist;
				LD_RUNPATH_SEARCH_PATHS = "$(inherited) @executable_path/Frameworks";
				PRODUCT_BUNDLE_IDENTIFIER = mb.PictureText;
				PRODUCT_NAME = "$(TARGET_NAME)";
				PROVISIONING_PROFILE = "";
			};
			name = Release;
		};
/* End XCBuildConfiguration section */

/* Begin XCConfigurationList section */
		BB926DFB1D3EC88300412BE8 /* Build configuration list for PBXProject "PictureText" */ = {
			isa = XCConfigurationList;
			buildConfigurations = (
				BB926E121D3EC88300412BE8 /* Debug */,
				BB926E131D3EC88300412BE8 /* Release */,
			);
			defaultConfigurationIsVisible = 0;
			defaultConfigurationName = Release;
		};
		BB926E141D3EC88300412BE8 /* Build configuration list for PBXNativeTarget "PictureText" */ = {
			isa = XCConfigurationList;
			buildConfigurations = (
				BB926E151D3EC88300412BE8 /* Debug */,
				BB926E161D3EC88300412BE8 /* Release */,
			);
			defaultConfigurationIsVisible = 0;
			defaultConfigurationName = Release;
		};
/* End XCConfigurationList section */
	};
	rootObject = BB926DF81D3EC88300412BE8 /* Project object */;
}
